
Microsoft Visual Studio Solution File, Format Version 11.00
# Visual Studio 2010
Project("{F184B08F-C81C-45F6-A57F-5ABD9991F28F}") = "Domicilios Fiscales", "Domicilios Fiscales\Domicilios Fiscales.vbproj", "{412F9C3B-7804-4AE9-9E2F-4B9D0A605199}"
EndProject
Global
	GlobalSection(SolutionConfigurationPlatforms) = preSolution
		Debug|x86 = Debug|x86
		Release|x86 = Release|x86
	EndGlobalSection
	GlobalSection(ProjectConfigurationPlatforms) = postSolution
		{412F9C3B-7804-4AE9-9E2F-4B9D0A605199}.Debug|x86.ActiveCfg = Debug|x86
		{412F9C3B-7804-4AE9-9E2F-4B9D0A605199}.Debug|x86.Build.0 = Debug|x86
		{412F9C3B-7804-4AE9-9E2F-4B9D0A605199}.Release|x86.ActiveCfg = Release|x86
		{412F9C3B-7804-4AE9-9E2F-4B9D0A605199}.Release|x86.Build.0 = Release|x86
	EndGlobalSection
	GlobalSection(SolutionProperties) = preSolution
		HideSolutionNode = FALSE
	EndGlobalSection
EndGlobal
